Microsoft Visual Studio Solution File, Format Version 12.00
# Visual Studio Version 17
VisualStudioVersion = 17.5.2.0
MinimumVisualStudioVersion = 10.0.40219.1
Project("{FAE04EC0-301F-11D3-BF4B-00C04F79EFBC}") = "NoPonto", "NoPonto.csproj", "{2DECEC0B-758A-62E9-B92C-F16A531BACBA}"
EndProject
Global
	GlobalSection(SolutionConfigurationPlatforms) = preSolution
		Debug|Any CPU = Debug|Any CPU
		Release|Any CPU = Release|Any CPU
	EndGlobalSection
	GlobalSection(ProjectConfigurationPlatforms) = postSolution
		{2DECEC0B-758A-62E9-B92C-F16A531BACBA}.Debug|Any CPU.ActiveCfg = Debug|Any CPU
		{2DECEC0B-758A-62E9-B92C-F16A531BACBA}.Debug|Any CPU.Build.0 = Debug|Any CPU
		{2DECEC0B-758A-62E9-B92C-F16A531BACBA}.Release|Any CPU.ActiveCfg = Release|Any CPU
		{2DECEC0B-758A-62E9-B92C-F16A531BACBA}.Release|Any CPU.Build.0 = Release|Any CPU
	EndGlobalSection
	GlobalSection(SolutionProperties) = preSolution
		HideSolutionNode = FALSE
	EndGlobalSection
	GlobalSection(ExtensibilityGlobals) = postSolution
		SolutionGuid = {B76CEEE3-BE39-4A2F-82E8-471CD628424F}
	EndGlobalSection
EndGlobal
